
Microsoft Visual Studio Solution File, Format Version 12.00
# Visual Studio Version 17
VisualStudioVersion = 17.3.32922.545
MinimumVisualStudioVersion = 10.0.40219.1
Project("{FAE04EC0-301F-11D3-BF4B-00C04F79EFBC}") = "Airline company", "Airline company\Airline company.csproj", "{614CEA6B-F424-4287-9FF7-D3EB2F74EF4C}"
EndProject
Global
	GlobalSection(SolutionConfigurationPlatforms) = preSolution
		Debug|Any CPU = Debug|Any CPU
		Release|Any CPU = Release|Any CPU
	EndGlobalSection
	GlobalSection(ProjectConfigurationPlatforms) = postSolution
		{614CEA6B-F424-4287-9FF7-D3EB2F74EF4C}.Debug|Any CPU.ActiveCfg = Debug|Any CPU
		{614CEA6B-F424-4287-9FF7-D3EB2F74EF4C}.Debug|Any CPU.Build.0 = Debug|Any CPU
		{614CEA6B-F424-4287-9FF7-D3EB2F74EF4C}.Release|Any CPU.ActiveCfg = Release|Any CPU
		{614CEA6B-F424-4287-9FF7-D3EB2F74EF4C}.Release|Any CPU.Build.0 = Release|Any CPU
	EndGlobalSection
	GlobalSection(SolutionProperties) = preSolution
		HideSolutionNode = FALSE
	EndGlobalSection
	GlobalSection(ExtensibilityGlobals) = postSolution
		SolutionGuid = {A39E4F22-459C-4824-A6F7-B4C299BFD3A8}
	EndGlobalSection
EndGlobal
